// !$*UTF8*$!
{
	archiveVersion = 1;
	classes = {
	};
	objectVersion = 56;
	objects = {

/* Begin PBXBuildFile section */
		DE42F71B2BA1969700ACEAAD /* GreedyP2.swift in Sources */ = {isa = PBXBuildFile; fileRef = DE42F71A2BA1969700ACEAAD /* GreedyP2.swift */; };
		DE42F72C2BA8189C00ACEAAD /* GreedyP3.swift in Sources */ = {isa = PBXBuildFile; fileRef = DE42F72B2BA8189C00ACEAAD /* GreedyP3.swift */; };
		DE42F72E2BA8203F00ACEAAD /* GreedyP4.swift in Sources */ = {isa = PBXBuildFile; fileRef = DE42F72D2BA8203F00ACEAAD /* GreedyP4.swift */; };
		DE6666022BC5350900BEC380 /* implementation4_1.swift in Sources */ = {isa = PBXBuildFile; fileRef = DE6666012BC5350900BEC380 /* implementation4_1.swift */; };
		DE6666042BC53E9A00BEC380 /* implemenation4_2.swift in Sources */ = {isa = PBXBuildFile; fileRef = DE6666032BC53E9A00BEC380 /* implemenation4_2.swift */; };
/* End PBXBuildFile section */

/* Begin PBXCopyFilesBuildPhase section */
		DE42F7152BA1969700ACEAAD /* CopyFiles */ = {
			isa = PBXCopyFilesBuildPhase;
			buildActionMask = 2147483647;
			dstPath = /usr/share/man/man1/;
			dstSubfolderSpec = 0;
			files = (
			);
			runOnlyForDeploymentPostprocessing = 1;
		};
/* End PBXCopyFilesBuildPhase section */

/* Begin PBXFileReference section */
		DE42F7172BA1969700ACEAAD /* AlgorithmWithSwift */ = {isa = PBXFileReference; explicitFileType = "compiled.mach-o.executable"; includeInIndex = 0; path = AlgorithmWithSwift; sourceTree = BUILT_PRODUCTS_DIR; };
		DE42F71A2BA1969700ACEAAD /* GreedyP2.swift */ = {isa = PBXFileReference; lastKnownFileType = sourcecode.swift; path = GreedyP2.swift; sourceTree = "<group>"; };
		DE42F7222BA197FE00ACEAAD /* .gitignore */ = {isa = PBXFileReference; lastKnownFileType = text; path = .gitignore; sourceTree = "<group>"; };
		DE42F72B2BA8189C00ACEAAD /* GreedyP3.swift */ = {isa = PBXFileReference; lastKnownFileType = sourcecode.swift; path = GreedyP3.swift; sourceTree = "<group>"; };
		DE42F72D2BA8203F00ACEAAD /* GreedyP4.swift */ = {isa = PBXFileReference; lastKnownFileType = sourcecode.swift; path = GreedyP4.swift; sourceTree = "<group>"; };
		DE6666012BC5350900BEC380 /* implementation4_1.swift */ = {isa = PBXFileReference; lastKnownFileType = sourcecode.swift; path = implementation4_1.swift; sourceTree = "<group>"; };
		DE6666032BC53E9A00BEC380 /* implemenation4_2.swift */ = {isa = PBXFileReference; lastKnownFileType = sourcecode.swift; path = implemenation4_2.swift; sourceTree = "<group>"; };
/* End PBXFileReference section */

/* Begin PBXFrameworksBuildPhase section */
		DE42F7142BA1969700ACEAAD /* Frameworks */ = {
			isa = PBXFrameworksBuildPhase;
			buildActionMask = 2147483647;
			files = (
			);
			runOnlyForDeploymentPostprocessing = 0;
		};
/* End PBXFrameworksBuildPhase section */

/* Begin PBXGroup section */
		DE42F70E2BA1969700ACEAAD = {
			isa = PBXGroup;
			children = (
				DE42F7192BA1969700ACEAAD /* AlgorithmWithSwift */,
				DE42F7182BA1969700ACEAAD /* Products */,
			);
			sourceTree = "<group>";
		};
		DE42F7182BA1969700ACEAAD /* Products */ = {
			isa = PBXGroup;
			children = (
				DE42F7172BA1969700ACEAAD /* AlgorithmWithSwift */,
			);
			name = Products;
			sourceTree = "<group>";
		};
		DE42F7192BA1969700ACEAAD /* AlgorithmWithSwift */ = {
			isa = PBXGroup;
			children = (
				DE42F7232BA1992B00ACEAAD /* ThisIsCodingTest */,
				DE42F7212BA196B200ACEAAD /* BOJ */,
				DE42F7222BA197FE00ACEAAD /* .gitignore */,
			);
			path = AlgorithmWithSwift;
			sourceTree = "<group>";
		};
		DE42F7212BA196B200ACEAAD /* BOJ */ = {
			isa = PBXGroup;
			children = (
			);
			path = BOJ;
			sourceTree = "<group>";
		};
		DE42F7232BA1992B00ACEAAD /* ThisIsCodingTest */ = {
			isa = PBXGroup;
			children = (
				DE42F71A2BA1969700ACEAAD /* GreedyP2.swift */,
				DE42F72B2BA8189C00ACEAAD /* GreedyP3.swift */,
				DE42F72D2BA8203F00ACEAAD /* GreedyP4.swift */,
				DE6666012BC5350900BEC380 /* implementation4_1.swift */,
				DE6666032BC53E9A00BEC380 /* implemenation4_2.swift */,
			);
			path = ThisIsCodingTest;
			sourceTree = "<group>";
		};
/* End PBXGroup section */

/* Begin PBXNativeTarget section */
		DE42F7162BA1969700ACEAAD /* AlgorithmWithSwift */ = {
			isa = PBXNativeTarget;
			buildConfigurationList = DE42F71E2BA1969700ACEAAD /* Build configuration list for PBXNativeTarget "AlgorithmWithSwift" */;
			buildPhases = (
				DE42F7132BA1969700ACEAAD /* Sources */,
				DE42F7142BA1969700ACEAAD /* Frameworks */,
				DE42F7152BA1969700ACEAAD /* CopyFiles */,
			);
			buildRules = (
			);
			dependencies = (
			);
			name = AlgorithmWithSwift;
			productName = AlgorithmWithSwift;
			productReference = DE42F7172BA1969700ACEAAD /* AlgorithmWithSwift */;
			productType = "com.apple.product-type.tool";
		};
/* End PBXNativeTarget section */

/* Begin PBXProject section */
		DE42F70F2BA1969700ACEAAD /* Project object */ = {
			isa = PBXProject;
			attributes = {
				BuildIndependentTargetsInParallel = 1;
				LastSwiftUpdateCheck = 1530;
				LastUpgradeCheck = 1530;
				TargetAttributes = {
					DE42F7162BA1969700ACEAAD = {
						CreatedOnToolsVersion = 15.3;
					};
				};
			};
			buildConfigurationList = DE42F7122BA1969700ACEAAD /* Build configuration list for PBXProject "AlgorithmWithSwift" */;
			compatibilityVersion = "Xcode 14.0";
			developmentRegion = en;
			hasScannedForEncodings = 0;
			knownRegions = (
				en,
				Base,
			);
			mainGroup = DE42F70E2BA1969700ACEAAD;
			productRefGroup = DE42F7182BA1969700ACEAAD /* Products */;
			projectDirPath = "";
			projectRoot = "";
			targets = (
				DE42F7162BA1969700ACEAAD /* AlgorithmWithSwift */,
			);
		};
/* End PBXProject section */

/* Begin PBXSourcesBuildPhase section */
		DE42F7132BA1969700ACEAAD /* Sources */ = {
			isa = PBXSourcesBuildPhase;
			buildActionMask = 2147483647;
			files = (
				DE42F72C2BA8189C00ACEAAD /* GreedyP3.swift in Sources */,
				DE6666042BC53E9A00BEC380 /* implemenation4_2.swift in Sources */,
				DE42F71B2BA1969700ACEAAD /* GreedyP2.swift in Sources */,
				DE6666022BC5350900BEC380 /* implementation4_1.swift in Sources */,
				DE42F72E2BA8203F00ACEAAD /* GreedyP4.swift in Sources */,
			);
			runOnlyForDeploymentPostprocessing = 0;
		};
/* End PBXSourcesBuildPhase section */

/* Begin XCBuildConfiguration section */
		DE42F71C2BA1969700ACEAAD /* Debug */ = {
			isa = XCBuildConfiguration;
			buildSettings = {
				ALWAYS_SEARCH_USER_PATHS = NO;
				ASSETCATALOG_COMPILER_GENERATE_SWIFT_ASSET_SYMBOL_EXTENSIONS = YES;
				CLANG_ANALYZER_NONNULL = YES;
				CLANG_ANALYZER_NUMBER_OBJECT_CONVERSION = YES_AGGRESSIVE;
				CLANG_CXX_LANGUAGE_STANDARD = "gnu++20";
				CLANG_ENABLE_MODULES = YES;
				CLANG_ENABLE_OBJC_ARC = YES;
				CLANG_ENABLE_OBJC_WEAK = YES;
				CLANG_WARN_BLOCK_CAPTURE_AUTORELEASING = YES;
				CLANG_WARN_BOOL_CONVERSION = YES;
				CLANG_WARN_COMMA = YES;
				CLANG_WARN_CONSTANT_CONVERSION = YES;
				CLANG_WARN_DEPRECATED_OBJC_IMPLEMENTATIONS = YES;
				CLANG_WARN_DIRECT_OBJC_ISA_USAGE = YES_ERROR;
				CLANG_WARN_DOCUMENTATION_COMMENTS = YES;
				CLANG_WARN_EMPTY_BODY = YES;
				CLANG_WARN_ENUM_CONVERSION = YES;
				CLANG_WARN_INFINITE_RECURSION = YES;
				CLANG_WARN_INT_CONVERSION = YES;
				CLANG_WARN_NON_LITERAL_NULL_CONVERSION = YES;
				CLANG_WARN_OBJC_IMPLICIT_RETAIN_SELF = YES;
				CLANG_WARN_OBJC_LITERAL_CONVERSION = YES;
				CLANG_WARN_OBJC_ROOT_CLASS = YES_ERROR;
				CLANG_WARN_QUOTED_INCLUDE_IN_FRAMEWORK_HEADER = YES;
				CLANG_WARN_RANGE_LOOP_ANALYSIS = YES;
				CLANG_WARN_STRICT_PROTOTYPES = YES;
				CLANG_WARN_SUSPICIOUS_MOVE = YES;
				CLANG_WARN_UNGUARDED_AVAILABILITY = YES_AGGRESSIVE;
				CLANG_WARN_UNREACHABLE_CODE = YES;
				CLANG_WARN__DUPLICATE_METHOD_MATCH = YES;
				COPY_PHASE_STRIP = NO;
				DEBUG_INFORMATION_FORMAT = dwarf;
				ENABLE_STRICT_OBJC_MSGSEND = YES;
				ENABLE_TESTABILITY = YES;
				ENABLE_USER_SCRIPT_SANDBOXING = YES;
				GCC_C_LANGUAGE_STANDARD = gnu17;
				GCC_DYNAMIC_NO_PIC = NO;
				GCC_NO_COMMON_BLOCKS = YES;
				GCC_OPTIMIZATION_LEVEL = 0;
				GCC_PREPROCESSOR_DEFINITIONS = (
					"DEBUG=1",
					"$(inherited)",
				);
				GCC_WARN_64_TO_32_BIT_CONVERSION = YES;
				GCC_WARN_ABOUT_RETURN_TYPE = YES_ERROR;
				GCC_WARN_UNDECLARED_SELECTOR = YES;
				GCC_WARN_UNINITIALIZED_AUTOS = YES_AGGRESSIVE;
				GCC_WARN_UNUSED_FUNCTION = YES;
				GCC_WARN_UNUSED_VARIABLE = YES;
				LOCALIZATION_PREFERS_STRING_CATALOGS = YES;
				MACOSX_DEPLOYMENT_TARGET = 14.2;
				MTL_ENABLE_DEBUG_INFO = INCLUDE_SOURCE;
				MTL_FAST_MATH = YES;
				ONLY_ACTIVE_ARCH = YES;
				SDKROOT = macosx;
				SWIFT_ACTIVE_COMPILATION_CONDITIONS = "DEBUG $(inherited)";
				SWIFT_OPTIMIZATION_LEVEL = "-Onone";
			};
			name = Debug;
		};
		DE42F71D2BA1969700ACEAAD /* Release */ = {
			isa = XCBuildConfiguration;
			buildSettings = {
				ALWAYS_SEARCH_USER_PATHS = NO;
				ASSETCATALOG_COMPILER_GENERATE_SWIFT_ASSET_SYMBOL_EXTENSIONS = YES;
				CLANG_ANALYZER_NONNULL = YES;
				CLANG_ANALYZER_NUMBER_OBJECT_CONVERSION = YES_AGGRESSIVE;
				CLANG_CXX_LANGUAGE_STANDARD = "gnu++20";
				CLANG_ENABLE_MODULES = YES;
				CLANG_ENABLE_OBJC_ARC = YES;
				CLANG_ENABLE_OBJC_WEAK = YES;
				CLANG_WARN_BLOCK_CAPTURE_AUTORELEASING = YES;
				CLANG_WARN_BOOL_CONVERSION = YES;
				CLANG_WARN_COMMA = YES;
				CLANG_WARN_CONSTANT_CONVERSION = YES;
				CLANG_WARN_DEPRECATED_OBJC_IMPLEMENTATIONS = YES;
				CLANG_WARN_DIRECT_OBJC_ISA_USAGE = YES_ERROR;
				CLANG_WARN_DOCUMENTATION_COMMENTS = YES;
				CLANG_WARN_EMPTY_BODY = YES;
				CLANG_WARN_ENUM_CONVERSION = YES;
				CLANG_WARN_INFINITE_RECURSION = YES;
				CLANG_WARN_INT_CONVERSION = YES;
				CLANG_WARN_NON_LITERAL_NULL_CONVERSION = YES;
				CLANG_WARN_OBJC_IMPLICIT_RETAIN_SELF = YES;
				CLANG_WARN_OBJC_LITERAL_CONVERSION = YES;
				CLANG_WARN_OBJC_ROOT_CLASS = YES_ERROR;
				CLANG_WARN_QUOTED_INCLUDE_IN_FRAMEWORK_HEADER = YES;
				CLANG_WARN_RANGE_LOOP_ANALYSIS = YES;
				CLANG_WARN_STRICT_PROTOTYPES = YES;
				CLANG_WARN_SUSPICIOUS_MOVE = YES;
				CLANG_WARN_UNGUARDED_AVAILABILITY = YES_AGGRESSIVE;
				CLANG_WARN_UNREACHABLE_CODE = YES;
				CLANG_WARN__DUPLICATE_METHOD_MATCH = YES;
				COPY_PHASE_STRIP = NO;
				DEBUG_INFORMATION_FORMAT = "dwarf-with-dsym";
				ENABLE_NS_ASSERTIONS = NO;
				ENABLE_STRICT_OBJC_MSGSEND = YES;
				ENABLE_USER_SCRIPT_SANDBOXING = YES;
				GCC_C_LANGUAGE_STANDARD = gnu17;
				GCC_NO_COMMON_BLOCKS = YES;
				GCC_WARN_64_TO_32_BIT_CONVERSION = YES;
				GCC_WARN_ABOUT_RETURN_TYPE = YES_ERROR;
				GCC_WARN_UNDECLARED_SELECTOR = YES;
				GCC_WARN_UNINITIALIZED_AUTOS = YES_AGGRESSIVE;
				GCC_WARN_UNUSED_FUNCTION = YES;
				GCC_WARN_UNUSED_VARIABLE = YES;
				LOCALIZATION_PREFERS_STRING_CATALOGS = YES;
				MACOSX_DEPLOYMENT_TARGET = 14.2;
				MTL_ENABLE_DEBUG_INFO = NO;
				MTL_FAST_MATH = YES;
				SDKROOT = macosx;
				SWIFT_COMPILATION_MODE = wholemodule;
			};
			name = Release;
		};
		DE42F71F2BA1969700ACEAAD /* Debug */ = {
			isa = XCBuildConfiguration;
			buildSettings = {
				CODE_SIGN_STYLE = Automatic;
				DEVELOPMENT_TEAM = AYG8MBJF93;
				ENABLE_HARDENED_RUNTIME = YES;
				PRODUCT_NAME = "$(TARGET_NAME)";
				SWIFT_VERSION = 5.0;
			};
			name = Debug;
		};
		DE42F7202BA1969700ACEAAD /* Release */ = {
			isa = XCBuildConfiguration;
			buildSettings = {
				CODE_SIGN_STYLE = Automatic;
				DEVELOPMENT_TEAM = AYG8MBJF93;
				ENABLE_HARDENED_RUNTIME = YES;
				PRODUCT_NAME = "$(TARGET_NAME)";
				SWIFT_VERSION = 5.0;
			};
			name = Release;
		};
/* End XCBuildConfiguration section */

/* Begin XCConfigurationList section */
		DE42F7122BA1969700ACEAAD /* Build configuration list for PBXProject "AlgorithmWithSwift" */ = {
			isa = XCConfigurationList;
			buildConfigurations = (
				DE42F71C2BA1969700ACEAAD /* Debug */,
				DE42F71D2BA1969700ACEAAD /* Release */,
			);
			defaultConfigurationIsVisible = 0;
			defaultConfigurationName = Release;
		};
		DE42F71E2BA1969700ACEAAD /* Build configuration list for PBXNativeTarget "AlgorithmWithSwift" */ = {
			isa = XCConfigurationList;
			buildConfigurations = (
				DE42F71F2BA1969700ACEAAD /* Debug */,
				DE42F7202BA1969700ACEAAD /* Release */,
			);
			defaultConfigurationIsVisible = 0;
			defaultConfigurationName = Release;
		};
/* End XCConfigurationList section */
	};
	rootObject = DE42F70F2BA1969700ACEAAD /* Project object */;
}
